
Microsoft Visual Studio Solution File, Format Version 12.00
# Visual Studio 15
VisualStudioVersion = 15.0.27428.2037
MinimumVisualStudioVersion = 10.0.40219.1
Project("{FAE04EC0-301F-11D3-BF4B-00C04F79EFBC}") = "ProyectoFinal", "ProyectoFinal\ProyectoFinal.csproj", "{6BE6258A-1606-4E02-BC67-B70A6A13EFCC}"
EndProject
Global
	GlobalSection(SolutionConfigurationPlatforms) = preSolution
		Debug|Any CPU = Debug|Any CPU
		Release|Any CPU = Release|Any CPU
	EndGlobalSection
	GlobalSection(ProjectConfigurationPlatforms) = postSolution
		{6BE6258A-1606-4E02-BC67-B70A6A13EFCC}.Debug|Any CPU.ActiveCfg = Debug|Any CPU
		{6BE6258A-1606-4E02-BC67-B70A6A13EFCC}.Debug|Any CPU.Build.0 = Debug|Any CPU
		{6BE6258A-1606-4E02-BC67-B70A6A13EFCC}.Release|Any CPU.ActiveCfg = Release|Any CPU
		{6BE6258A-1606-4E02-BC67-B70A6A13EFCC}.Release|Any CPU.Build.0 = Release|Any CPU
	EndGlobalSection
	GlobalSection(SolutionProperties) = preSolution
		HideSolutionNode = FALSE
	EndGlobalSection
	GlobalSection(ExtensibilityGlobals) = postSolution
		SolutionGuid = {0A1F68FC-A7A3-4DCA-BEBA-090977FB544E}
	EndGlobalSection
EndGlobal
